
Microsoft Visual Studio Solution File, Format Version 12.00
Project("{FAE04EC0-301F-11D3-BF4B-00C04F79EFBC}") = "docker-netgen", "docker-netgen/docker-netgen.csproj", "{C4154E30-353B-4971-9BA9-9EA6012FFB9F}"
EndProject
Project("{FAE04EC0-301F-11D3-BF4B-00C04F79EFBC}") = "docker-netgen-testing", "docker-netgen-testing\docker-netgen-testing.csproj", "{9B7E2FAD-315A-4322-9BF8-F02A27F19A22}"
EndProject
Global
	GlobalSection(SolutionConfigurationPlatforms) = preSolution
		Debug|Any CPU = Debug|Any CPU
		Release|Any CPU = Release|Any CPU
	EndGlobalSection
	GlobalSection(ProjectConfigurationPlatforms) = postSolution
		{C4154E30-353B-4971-9BA9-9EA6012FFB9F}.Debug|Any CPU.ActiveCfg = Debug|Any CPU
		{C4154E30-353B-4971-9BA9-9EA6012FFB9F}.Debug|Any CPU.Build.0 = Debug|Any CPU
		{C4154E30-353B-4971-9BA9-9EA6012FFB9F}.Release|Any CPU.ActiveCfg = Release|Any CPU
		{C4154E30-353B-4971-9BA9-9EA6012FFB9F}.Release|Any CPU.Build.0 = Release|Any CPU
		{9B7E2FAD-315A-4322-9BF8-F02A27F19A22}.Debug|Any CPU.ActiveCfg = Debug|Any CPU
		{9B7E2FAD-315A-4322-9BF8-F02A27F19A22}.Debug|Any CPU.Build.0 = Debug|Any CPU
		{9B7E2FAD-315A-4322-9BF8-F02A27F19A22}.Release|Any CPU.ActiveCfg = Release|Any CPU
		{9B7E2FAD-315A-4322-9BF8-F02A27F19A22}.Release|Any CPU.Build.0 = Release|Any CPU
	EndGlobalSection
EndGlobal
